// !$*UTF8*$!
{
	archiveVersion = 1;
	classes = {
	};
	objectVersion = 77;
	objects = {

/* Begin PBXContainerItemProxy section */
		2C5B3E272FA85A1100C81C05 /* PBXContainerItemProxy */ = {
			isa = PBXContainerItemProxy;
			containerPortal = 2C5B3E112FA85A1000C81C05 /* Project object */;
			proxyType = 1;
			remoteGlobalIDString = 2C5B3E182FA85A1000C81C05;
			remoteInfo = Better;
		};
		2C5B3E312FA85A1100C81C05 /* PBXContainerItemProxy */ = {
			isa = PBXContainerItemProxy;
			containerPortal = 2C5B3E112FA85A1000C81C05 /* Project object */;
			proxyType = 1;
			remoteGlobalIDString = 2C5B3E182FA85A1000C81C05;
			remoteInfo = Better;
		};
/* End PBXContainerItemProxy section */

/* Begin PBXFileReference section */
		2C5B3E192FA85A1000C81C05 /* Better.app */ = {isa = PBXFileReference; explicitFileType = wrapper.application; includeInIndex = 0; path = Better.app; sourceTree = BUILT_PRODUCTS_DIR; };
		2C5B3E262FA85A1100C81C05 /* BetterTests.xctest */ = {isa = PBXFileReference; explicitFileType = wrapper.cfbundle; includeInIndex = 0; path = BetterTests.xctest; sourceTree = BUILT_PRODUCTS_DIR; };
		2C5B3E302FA85A1100C81C05 /* BetterUITests.xctest */ = {isa = PBXFileReference; explicitFileType = wrapper.cfbundle; includeInIndex = 0; path = BetterUITests.xctest; sourceTree = BUILT_PRODUCTS_DIR; };
/* End PBXFileReference section */

/* Begin PBXFileSystemSynchronizedBuildFileExceptionSet section */
		2C5B3E992FA85A1100C81C05 /* Exceptions for "Better" folder in "Better" target */ = {
			isa = PBXFileSystemSynchronizedBuildFileExceptionSet;
			membershipExceptions = (
				Info.plist,
			);
			target = 2C5B3E182FA85A1000C81C05 /* Better */;
		};
/* End PBXFileSystemSynchronizedBuildFileExceptionSet section */

/* Begin PBXFileSystemSynchronizedRootGroup section */
		2C5B3E1B2FA85A1000C81C05 /* Better */ = {
			isa = PBXFileSystemSynchronizedRootGroup;
			exceptions = (
				2C5B3E992FA85A1100C81C05 /* Exceptions for "Better" folder in "Better" target */,
			);
			path = Better;
			sourceTree = "<group>";
		};
		2C5B3E292FA85A1100C81C05 /* BetterTests */ = {
			isa = PBXFileSystemSynchronizedRootGroup;
			path = BetterTests;
			sourceTree = "<group>";
		};
		2C5B3E332FA85A1100C81C05 /* BetterUITests */ = {
			isa = PBXFileSystemSynchronizedRootGroup;
			path = BetterUITests;
			sourceTree = "<group>";
		};
/* End PBXFileSystemSynchronizedRootGroup section */

/* Begin PBXFrameworksBuildPhase section */
		2C5B3E162FA85A1000C81C05 /* Frameworks */ = {
			isa = PBXFrameworksBuildPhase;
			buildActionMask = 2147483647;
			files = (
			);
			runOnlyForDeploymentPostprocessing = 0;
		};
		2C5B3E232FA85A1100C81C05 /* Frameworks */ = {
			isa = PBXFrameworksBuildPhase;
			buildActionMask = 2147483647;
			files = (
			);
			runOnlyForDeploymentPostprocessing = 0;
		};
		2C5B3E2D2FA85A1100C81C05 /* Frameworks */ = {
			isa = PBXFrameworksBuildPhase;
			buildActionMask = 2147483647;
			files = (
			);
			runOnlyForDeploymentPostprocessing = 0;
		};
/* End PBXFrameworksBuildPhase section */

/* Begin PBXGroup section */
		2C5B3E102FA85A1000C81C05 = {
			isa = PBXGroup;
			children = (
				2C5B3E1B2FA85A1000C81C05 /* Better */,
				2C5B3E292FA85A1100C81C05 /* BetterTests */,
				2C5B3E332FA85A1100C81C05 /* BetterUITests */,
				2C5B3E1A2FA85A1000C81C05 /* Products */,
			);
			sourceTree = "<group>";
		};
		2C5B3E1A2FA85A1000C81C05 /* Products */ = {
			isa = PBXGroup;
			children = (
				2C5B3E192FA85A1000C81C05 /* Better.app */,
				2C5B3E262FA85A1100C81C05 /* BetterTests.xctest */,
				2C5B3E302FA85A1100C81C05 /* BetterUITests.xctest */,
			);
			name = Products;
			sourceTree = "<group>";
		};
/* End PBXGroup section */

/* Begin PBXNativeTarget section */
		2C5B3E182FA85A1000C81C05 /* Better */ = {
			isa = PBXNativeTarget;
			buildConfigurationList = 2C5B3E3A2FA85A1100C81C05 /* Build configuration list for PBXNativeTarget "Better" */;
			buildPhases = (
				2C5B3E152FA85A1000C81C05 /* Sources */,
				2C5B3E162FA85A1000C81C05 /* Frameworks */,
				2C5B3E172FA85A1000C81C05 /* Resources */,
			);
			buildRules = (
			);
			dependencies = (
			);
			fileSystemSynchronizedGroups = (
				2C5B3E1B2FA85A1000C81C05 /* Better */,
			);
			name = Better;
			packageProductDependencies = (
			);
			productName = Better;
			productReference = 2C5B3E192FA85A1000C81C05 /* Better.app */;
			productType = "com.apple.product-type.application";
		};
		2C5B3E252FA85A1100C81C05 /* BetterTests */ = {
			isa = PBXNativeTarget;
			buildConfigurationList = 2C5B3E3D2FA85A1100C81C05 /* Build configuration list for PBXNativeTarget "BetterTests" */;
			buildPhases = (
				2C5B3E222FA85A1100C81C05 /* Sources */,
				2C5B3E232FA85A1100C81C05 /* Frameworks */,
				2C5B3E242FA85A1100C81C05 /* Resources */,
			);
			buildRules = (
			);
			dependencies = (
				2C5B3E282FA85A1100C81C05 /* PBXTargetDependency */,
			);
			fileSystemSynchronizedGroups = (
				2C5B3E292FA85A1100C81C05 /* BetterTests */,
			);
			name = BetterTests;
			packageProductDependencies = (
			);
			productName = BetterTests;
			productReference = 2C5B3E262FA85A1100C81C05 /* BetterTests.xctest */;
			productType = "com.apple.product-type.bundle.unit-test";
		};
		2C5B3E2F2FA85A1100C81C05 /* BetterUITests */ = {
			isa = PBXNativeTarget;
			buildConfigurationList = 2C5B3E402FA85A1100C81C05 /* Build configuration list for PBXNativeTarget "BetterUITests" */;
			buildPhases = (
				2C5B3E2C2FA85A1100C81C05 /* Sources */,
				2C5B3E2D2FA85A1100C81C05 /* Frameworks */,
				2C5B3E2E2FA85A1100C81C05 /* Resources */,
			);
			buildRules = (
			);
			dependencies = (
				2C5B3E322FA85A1100C81C05 /* PBXTargetDependency */,
			);
			fileSystemSynchronizedGroups = (
				2C5B3E332FA85A1100C81C05 /* BetterUITests */,
			);
			name = BetterUITests;
			packageProductDependencies = (
			);
			productName = BetterUITests;
			productReference = 2C5B3E302FA85A1100C81C05 /* BetterUITests.xctest */;
			productType = "com.apple.product-type.bundle.ui-testing";
		};
/* End PBXNativeTarget section */

/* Begin PBXProject section */
		2C5B3E112FA85A1000C81C05 /* Project object */ = {
			isa = PBXProject;
			attributes = {
				BuildIndependentTargetsInParallel = 1;
				LastSwiftUpdateCheck = 2620;
				LastUpgradeCheck = 2620;
				TargetAttributes = {
					2C5B3E182FA85A1000C81C05 = {
						CreatedOnToolsVersion = 26.2;
					};
					2C5B3E252FA85A1100C81C05 = {
						CreatedOnToolsVersion = 26.2;
						TestTargetID = 2C5B3E182FA85A1000C81C05;
					};
					2C5B3E2F2FA85A1100C81C05 = {
						CreatedOnToolsVersion = 26.2;
						TestTargetID = 2C5B3E182FA85A1000C81C05;
					};
				};
			};
			buildConfigurationList = 2C5B3E142FA85A1000C81C05 /* Build configuration list for PBXProject "Better" */;
			developmentRegion = en;
			hasScannedForEncodings = 0;
			knownRegions = (
				en,
				Base,
			);
			mainGroup = 2C5B3E102FA85A1000C81C05;
			minimizedProjectReferenceProxies = 1;
			preferredProjectObjectVersion = 77;
			productRefGroup = 2C5B3E1A2FA85A1000C81C05 /* Products */;
			projectDirPath = "";
			projectRoot = "";
			targets = (
				2C5B3E182FA85A1000C81C05 /* Better */,
				2C5B3E252FA85A1100C81C05 /* BetterTests */,
				2C5B3E2F2FA85A1100C81C05 /* BetterUITests */,
			);
		};
/* End PBXProject section */

/* Begin PBXResourcesBuildPhase section */
		2C5B3E172FA85A1000C81C05 /* Resources */ = {
			isa = PBXResourcesBuildPhase;
			buildActionMask = 2147483647;
			files = (
			);
			runOnlyForDeploymentPostprocessing = 0;
		};
		2C5B3E242FA85A1100C81C05 /* Resources */ = {
			isa = PBXResourcesBuildPhase;
			buildActionMask = 2147483647;
			files = (
			);
			runOnlyForDeploymentPostprocessing = 0;
		};
		2C5B3E2E2FA85A1100C81C05 /* Resources */ = {
			isa = PBXResourcesBuildPhase;
			buildActionMask = 2147483647;
			files = (
			);
			runOnlyForDeploymentPostprocessing = 0;
		};
/* End PBXResourcesBuildPhase section */

/* Begin PBXSourcesBuildPhase section */
		2C5B3E152FA85A1000C81C05 /* Sources */ = {
			isa = PBXSourcesBuildPhase;
			buildActionMask = 2147483647;
			files = (
			);
			runOnlyForDeploymentPostprocessing = 0;
		};
		2C5B3E222FA85A1100C81C05 /* Sources */ = {
			isa = PBXSourcesBuildPhase;
			buildActionMask = 2147483647;
			files = (
			);
			runOnlyForDeploymentPostprocessing = 0;
		};
		2C5B3E2C2FA85A1100C81C05 /* Sources */ = {
			isa = PBXSourcesBuildPhase;
			buildActionMask = 2147483647;
			files = (
			);
			runOnlyForDeploymentPostprocessing = 0;
		};
/* End PBXSourcesBuildPhase section */

/* Begin PBXTargetDependency section */
		2C5B3E282FA85A1100C81C05 /* PBXTargetDependency */ = {
			isa = PBXTargetDependency;
			target = 2C5B3E182FA85A1000C81C05 /* Better */;
			targetProxy = 2C5B3E272FA85A1100C81C05 /* PBXContainerItemProxy */;
		};
		2C5B3E322FA85A1100C81C05 /* PBXTargetDependency */ = {
			isa = PBXTargetDependency;
			target = 2C5B3E182FA85A1000C81C05 /* Better */;
			targetProxy = 2C5B3E312FA85A1100C81C05 /* PBXContainerItemProxy */;
		};
/* End PBXTargetDependency section */

/* Begin XCBuildConfiguration section */
		2C5B3E382FA85A1100C81C05 /* Debug */ = {
			isa = XCBuildConfiguration;
			buildSettings = {
				ALWAYS_SEARCH_USER_PATHS = NO;
				ASSETCATALOG_COMPILER_GENERATE_SWIFT_ASSET_SYMBOL_EXTENSIONS = YES;
				CLANG_ANALYZER_NONNULL = YES;
				CLANG_ANALYZER_NUMBER_OBJECT_CONVERSION = YES_AGGRESSIVE;
				CLANG_CXX_LANGUAGE_STANDARD = "gnu++20";
				CLANG_ENABLE_MODULES = YES;
				CLANG_ENABLE_OBJC_ARC = YES;
				CLANG_ENABLE_OBJC_WEAK = YES;
				CLANG_WARN_BLOCK_CAPTURE_AUTORELEASING = YES;
				CLANG_WARN_BOOL_CONVERSION = YES;
				CLANG_WARN_COMMA = YES;
				CLANG_WARN_CONSTANT_CONVERSION = YES;
				CLANG_WARN_DEPRECATED_OBJC_IMPLEMENTATIONS = YES;
				CLANG_WARN_DIRECT_OBJC_ISA_USAGE = YES_ERROR;
				CLANG_WARN_DOCUMENTATION_COMMENTS = YES;
				CLANG_WARN_EMPTY_BODY = YES;
				CLANG_WARN_ENUM_CONVERSION = YES;
				CLANG_WARN_INFINITE_RECURSION = YES;
				CLANG_WARN_INT_CONVERSION = YES;
				CLANG_WARN_NON_LITERAL_NULL_CONVERSION = YES;
				CLANG_WARN_OBJC_IMPLICIT_RETAIN_SELF = YES;
				CLANG_WARN_OBJC_LITERAL_CONVERSION = YES;
				CLANG_WARN_OBJC_ROOT_CLASS = YES_ERROR;
				CLANG_WARN_QUOTED_INCLUDE_IN_FRAMEWORK_HEADER = YES;
				CLANG_WARN_RANGE_LOOP_ANALYSIS = YES;
				CLANG_WARN_STRICT_PROTOTYPES = YES;
				CLANG_WARN_SUSPICIOUS_MOVE = YES;
				CLANG_WARN_UNGUARDED_AVAILABILITY = YES_AGGRESSIVE;
				CLANG_WARN_UNREACHABLE_CODE = YES;
				CLANG_WARN__DUPLICATE_METHOD_MATCH = YES;
				COPY_PHASE_STRIP = NO;
				DEBUG_INFORMATION_FORMAT = dwarf;
				DEVELOPMENT_TEAM = WWYBW83D32;
				ENABLE_STRICT_OBJC_MSGSEND = YES;
				ENABLE_TESTABILITY = YES;
				ENABLE_USER_SCRIPT_SANDBOXING = YES;
				GCC_C_LANGUAGE_STANDARD = gnu17;
				GCC_DYNAMIC_NO_PIC = NO;
				GCC_NO_COMMON_BLOCKS = YES;
				GCC_OPTIMIZATION_LEVEL = 0;
				GCC_PREPROCESSOR_DEFINITIONS = (
					"DEBUG=1",
					"$(inherited)",
				);
				GCC_WARN_64_TO_32_BIT_CONVERSION = YES;
				GCC_WARN_ABOUT_RETURN_TYPE = YES_ERROR;
				GCC_WARN_UNDECLARED_SELECTOR = YES;
				GCC_WARN_UNINITIALIZED_AUTOS = YES_AGGRESSIVE;
				GCC_WARN_UNUSED_FUNCTION = YES;
				GCC_WARN_UNUSED_VARIABLE = YES;
				IPHONEOS_DEPLOYMENT_TARGET = 26.2;
				LOCALIZATION_PREFERS_STRING_CATALOGS = YES;
				MTL_ENABLE_DEBUG_INFO = INCLUDE_SOURCE;
				MTL_FAST_MATH = YES;
				ONLY_ACTIVE_ARCH = YES;
				SDKROOT = iphoneos;
				SWIFT_ACTIVE_COMPILATION_CONDITIONS = "DEBUG $(inherited)";
				SWIFT_OPTIMIZATION_LEVEL = "-Onone";
			};
			name = Debug;
		};
		2C5B3E392FA85A1100C81C05 /* Release */ = {
			isa = XCBuildConfiguration;
			buildSettings = {
				ALWAYS_SEARCH_USER_PATHS = NO;
				ASSETCATALOG_COMPILER_GENERATE_SWIFT_ASSET_SYMBOL_EXTENSIONS = YES;
				CLANG_ANALYZER_NONNULL = YES;
				CLANG_ANALYZER_NUMBER_OBJECT_CONVERSION = YES_AGGRESSIVE;
				CLANG_CXX_LANGUAGE_STANDARD = "gnu++20";
				CLANG_ENABLE_MODULES = YES;
				CLANG_ENABLE_OBJC_ARC = YES;
				CLANG_ENABLE_OBJC_WEAK = YES;
				CLANG_WARN_BLOCK_CAPTURE_AUTORELEASING = YES;
				CLANG_WARN_BOOL_CONVERSION = YES;
				CLANG_WARN_COMMA = YES;
				CLANG_WARN_CONSTANT_CONVERSION = YES;
				CLANG_WARN_DEPRECATED_OBJC_IMPLEMENTATIONS = YES;
				CLANG_WARN_DIRECT_OBJC_ISA_USAGE = YES_ERROR;
				CLANG_WARN_DOCUMENTATION_COMMENTS = YES;
				CLANG_WARN_EMPTY_BODY = YES;
				CLANG_WARN_ENUM_CONVERSION = YES;
				CLANG_WARN_INFINITE_RECURSION = YES;
				CLANG_WARN_INT_CONVERSION = YES;
				CLANG_WARN_NON_LITERAL_NULL_CONVERSION = YES;
				CLANG_WARN_OBJC_IMPLICIT_RETAIN_SELF = YES;
				CLANG_WARN_OBJC_LITERAL_CONVERSION = YES;
				CLANG_WARN_OBJC_ROOT_CLASS = YES_ERROR;
				CLANG_WARN_QUOTED_INCLUDE_IN_FRAMEWORK_HEADER = YES;
				CLANG_WARN_RANGE_LOOP_ANALYSIS = YES;
				CLANG_WARN_STRICT_PROTOTYPES = YES;
				CLANG_WARN_SUSPICIOUS_MOVE = YES;
				CLANG_WARN_UNGUARDED_AVAILABILITY = YES_AGGRESSIVE;
				CLANG_WARN_UNREACHABLE_CODE = YES;
				CLANG_WARN__DUPLICATE_METHOD_MATCH = YES;
				COPY_PHASE_STRIP = NO;
				DEBUG_INFORMATION_FORMAT = "dwarf-with-dsym";
				DEVELOPMENT_TEAM = WWYBW83D32;
				ENABLE_NS_ASSERTIONS = NO;
				ENABLE_STRICT_OBJC_MSGSEND = YES;
				ENABLE_USER_SCRIPT_SANDBOXING = YES;
				GCC_C_LANGUAGE_STANDARD = gnu17;
				GCC_NO_COMMON_BLOCKS = YES;
				GCC_WARN_64_TO_32_BIT_CONVERSION = YES;
				GCC_WARN_ABOUT_RETURN_TYPE = YES_ERROR;
				GCC_WARN_UNDECLARED_SELECTOR = YES;
				GCC_WARN_UNINITIALIZED_AUTOS = YES_AGGRESSIVE;
				GCC_WARN_UNUSED_FUNCTION = YES;
				GCC_WARN_UNUSED_VARIABLE = YES;
				IPHONEOS_DEPLOYMENT_TARGET = 26.2;
				LOCALIZATION_PREFERS_STRING_CATALOGS = YES;
				MTL_ENABLE_DEBUG_INFO = NO;
				MTL_FAST_MATH = YES;
				SDKROOT = iphoneos;
				SWIFT_COMPILATION_MODE = wholemodule;
				VALIDATE_PRODUCT = YES;
			};
			name = Release;
		};
		2C5B3E3B2FA85A1100C81C05 /* Debug */ = {
			isa = XCBuildConfiguration;
			buildSettings = {
				ASSETCATALOG_COMPILER_APPICON_NAME = AppIcon;
				ASSETCATALOG_COMPILER_GLOBAL_ACCENT_COLOR_NAME = AccentColor;
				ASSETCATALOG_COMPILER_INCLUDE_ALL_APPICON_ASSETS = NO;
				CODE_SIGN_ENTITLEMENTS = Better/Better.entitlements;
				CODE_SIGN_STYLE = Automatic;
				CURRENT_PROJECT_VERSION = 1;
				DEVELOPMENT_TEAM = WWYBW83D32;
				ENABLE_PREVIEWS = YES;
				GENERATE_INFOPLIST_FILE = NO;
				INFOPLIST_FILE = Better/Info.plist;
				INFOPLIST_KEY_CFBundleDisplayName = "Better Sleep";
				INFOPLIST_KEY_LSApplicationCategoryType = "public.app-category.healthcare-fitness";
				IPHONEOS_DEPLOYMENT_TARGET = 26.2;
				LD_RUNPATH_SEARCH_PATHS = (
					"$(inherited)",
					"@executable_path/Frameworks",
				);
				MARKETING_VERSION = 2.2;
				PRODUCT_BUNDLE_IDENTIFIER = "ai.better-health.Better";
				PRODUCT_NAME = "$(TARGET_NAME)";
				STRING_CATALOG_GENERATE_SYMBOLS = YES;
				SWIFT_APPROACHABLE_CONCURRENCY = YES;
				SWIFT_DEFAULT_ACTOR_ISOLATION = MainActor;
				SWIFT_EMIT_LOC_STRINGS = YES;
				SWIFT_UPCOMING_FEATURE_MEMBER_IMPORT_VISIBILITY = YES;
				SWIFT_VERSION = 5.0;
				TARGETED_DEVICE_FAMILY = "1,2";
			};
			name = Debug;
		};
		2C5B3E3C2FA85A1100C81C05 /* Release */ = {
			isa = XCBuildConfiguration;
			buildSettings = {
				ASSETCATALOG_COMPILER_APPICON_NAME = AppIcon;
				ASSETCATALOG_COMPILER_GLOBAL_ACCENT_COLOR_NAME = AccentColor;
				ASSETCATALOG_COMPILER_INCLUDE_ALL_APPICON_ASSETS = NO;
				CODE_SIGN_ENTITLEMENTS = Better/Better.entitlements;
				CODE_SIGN_STYLE = Automatic;
				CURRENT_PROJECT_VERSION = 1;
				DEVELOPMENT_TEAM = WWYBW83D32;
				ENABLE_PREVIEWS = YES;
				GENERATE_INFOPLIST_FILE = NO;
				INFOPLIST_FILE = Better/Info.plist;
				INFOPLIST_KEY_CFBundleDisplayName = "Better Sleep";
				INFOPLIST_KEY_LSApplicationCategoryType = "public.app-category.healthcare-fitness";
				IPHONEOS_DEPLOYMENT_TARGET = 26.2;
				LD_RUNPATH_SEARCH_PATHS = (
					"$(inherited)",
					"@executable_path/Frameworks",
				);
				MARKETING_VERSION = 2.2;
				PRODUCT_BUNDLE_IDENTIFIER = "ai.better-health.Better";
				PRODUCT_NAME = "$(TARGET_NAME)";
				STRING_CATALOG_GENERATE_SYMBOLS = YES;
				SWIFT_APPROACHABLE_CONCURRENCY = YES;
				SWIFT_DEFAULT_ACTOR_ISOLATION = MainActor;
				SWIFT_EMIT_LOC_STRINGS = YES;
				SWIFT_UPCOMING_FEATURE_MEMBER_IMPORT_VISIBILITY = YES;
				SWIFT_VERSION = 5.0;
				TARGETED_DEVICE_FAMILY = "1,2";
			};
			name = Release;
		};
		2C5B3E3E2FA85A1100C81C05 /* Debug */ = {
			isa = XCBuildConfiguration;
			buildSettings = {
				BUNDLE_LOADER = "$(TEST_HOST)";
				CODE_SIGN_STYLE = Automatic;
				CURRENT_PROJECT_VERSION = 1;
				DEVELOPMENT_TEAM = WWYBW83D32;
				GENERATE_INFOPLIST_FILE = YES;
				IPHONEOS_DEPLOYMENT_TARGET = 26.2;
				MARKETING_VERSION = 1.0;
				PRODUCT_BUNDLE_IDENTIFIER = "ai.better-health.BetterTests";
				PRODUCT_NAME = "$(TARGET_NAME)";
				STRING_CATALOG_GENERATE_SYMBOLS = NO;
				SWIFT_APPROACHABLE_CONCURRENCY = YES;
				SWIFT_EMIT_LOC_STRINGS = NO;
				SWIFT_UPCOMING_FEATURE_MEMBER_IMPORT_VISIBILITY = YES;
				SWIFT_VERSION = 5.0;
				TARGETED_DEVICE_FAMILY = "1,2";
				TEST_HOST = "$(BUILT_PRODUCTS_DIR)/Better.app/$(BUNDLE_EXECUTABLE_FOLDER_PATH)/Better";
			};
			name = Debug;
		};
		2C5B3E3F2FA85A1100C81C05 /* Release */ = {
			isa = XCBuildConfiguration;
			buildSettings = {
				BUNDLE_LOADER = "$(TEST_HOST)";
				CODE_SIGN_STYLE = Automatic;
				CURRENT_PROJECT_VERSION = 1;
				DEVELOPMENT_TEAM = WWYBW83D32;
				GENERATE_INFOPLIST_FILE = YES;
				IPHONEOS_DEPLOYMENT_TARGET = 26.2;
				MARKETING_VERSION = 1.0;
				PRODUCT_BUNDLE_IDENTIFIER = "ai.better-health.BetterTests";
				PRODUCT_NAME = "$(TARGET_NAME)";
				STRING_CATALOG_GENERATE_SYMBOLS = NO;
				SWIFT_APPROACHABLE_CONCURRENCY = YES;
				SWIFT_EMIT_LOC_STRINGS = NO;
				SWIFT_UPCOMING_FEATURE_MEMBER_IMPORT_VISIBILITY = YES;
				SWIFT_VERSION = 5.0;
				TARGETED_DEVICE_FAMILY = "1,2";
				TEST_HOST = "$(BUILT_PRODUCTS_DIR)/Better.app/$(BUNDLE_EXECUTABLE_FOLDER_PATH)/Better";
			};
			name = Release;
		};
		2C5B3E412FA85A1100C81C05 /* Debug */ = {
			isa = XCBuildConfiguration;
			buildSettings = {
				CODE_SIGN_STYLE = Automatic;
				CURRENT_PROJECT_VERSION = 1;
				DEVELOPMENT_TEAM = WWYBW83D32;
				GENERATE_INFOPLIST_FILE = YES;
				IPHONEOS_DEPLOYMENT_TARGET = 26.2;
				MARKETING_VERSION = 1.0;
				PRODUCT_BUNDLE_IDENTIFIER = "ai.better-health.BetterUITests";
				PRODUCT_NAME = "$(TARGET_NAME)";
				STRING_CATALOG_GENERATE_SYMBOLS = NO;
				SWIFT_APPROACHABLE_CONCURRENCY = YES;
				SWIFT_EMIT_LOC_STRINGS = NO;
				SWIFT_UPCOMING_FEATURE_MEMBER_IMPORT_VISIBILITY = YES;
				SWIFT_VERSION = 5.0;
				TARGETED_DEVICE_FAMILY = "1,2";
				TEST_TARGET_NAME = Better;
			};
			name = Debug;
		};
		2C5B3E422FA85A1100C81C05 /* Release */ = {
			isa = XCBuildConfiguration;
			buildSettings = {
				CODE_SIGN_STYLE = Automatic;
				CURRENT_PROJECT_VERSION = 1;
				DEVELOPMENT_TEAM = WWYBW83D32;
				GENERATE_INFOPLIST_FILE = YES;
				IPHONEOS_DEPLOYMENT_TARGET = 26.2;
				MARKETING_VERSION = 1.0;
				PRODUCT_BUNDLE_IDENTIFIER = "ai.better-health.BetterUITests";
				PRODUCT_NAME = "$(TARGET_NAME)";
				STRING_CATALOG_GENERATE_SYMBOLS = NO;
				SWIFT_APPROACHABLE_CONCURRENCY = YES;
				SWIFT_EMIT_LOC_STRINGS = NO;
				SWIFT_UPCOMING_FEATURE_MEMBER_IMPORT_VISIBILITY = YES;
				SWIFT_VERSION = 5.0;
				TARGETED_DEVICE_FAMILY = "1,2";
				TEST_TARGET_NAME = Better;
			};
			name = Release;
		};
/* End XCBuildConfiguration section */

/* Begin XCConfigurationList section */
		2C5B3E142FA85A1000C81C05 /* Build configuration list for PBXProject "Better" */ = {
			isa = XCConfigurationList;
			buildConfigurations = (
				2C5B3E382FA85A1100C81C05 /* Debug */,
				2C5B3E392FA85A1100C81C05 /* Release */,
			);
			defaultConfigurationIsVisible = 0;
			defaultConfigurationName = Release;
		};
		2C5B3E3A2FA85A1100C81C05 /* Build configuration list for PBXNativeTarget "Better" */ = {
			isa = XCConfigurationList;
			buildConfigurations = (
				2C5B3E3B2FA85A1100C81C05 /* Debug */,
				2C5B3E3C2FA85A1100C81C05 /* Release */,
			);
			defaultConfigurationIsVisible = 0;
			defaultConfigurationName = Release;
		};
		2C5B3E3D2FA85A1100C81C05 /* Build configuration list for PBXNativeTarget "BetterTests" */ = {
			isa = XCConfigurationList;
			buildConfigurations = (
				2C5B3E3E2FA85A1100C81C05 /* Debug */,
				2C5B3E3F2FA85A1100C81C05 /* Release */,
			);
			defaultConfigurationIsVisible = 0;
			defaultConfigurationName = Release;
		};
		2C5B3E402FA85A1100C81C05 /* Build configuration list for PBXNativeTarget "BetterUITests" */ = {
			isa = XCConfigurationList;
			buildConfigurations = (
				2C5B3E412FA85A1100C81C05 /* Debug */,
				2C5B3E422FA85A1100C81C05 /* Release */,
			);
			defaultConfigurationIsVisible = 0;
			defaultConfigurationName = Release;
		};
/* End XCConfigurationList section */
	};
	rootObject = 2C5B3E112FA85A1000C81C05 /* Project object */;
}
